
Microsoft Visual Studio Solution File, Format Version 12.00
# Visual Studio Version 17
VisualStudioVersion = 17.7.34024.191
MinimumVisualStudioVersion = 10.0.40219.1
Project("{8BC9CEB8-8B4A-11D0-8D11-00A0C91BC942}") = "firstConsoleApplication", "firstConsoleApplication\firstConsoleApplication.vcxproj", "{E8B09EA1-AD92-450A-8C4E-B2EE097830E2}"
EndProject
Project("{8BC9CEB8-8B4A-11D0-8D11-00A0C91BC942}") = "VariableConsoleApplication", "VariableConsoleApplication\VariableConsoleApplication.vcxproj", "{B43FA66E-0F73-438E-BEFB-0681E416C6BA}"
EndProject
Project("{2150E333-8FDC-42A3-9474-1A3956D46DE8}") = "01.podstawy", "01.podstawy", "{6CDC4E82-ECAE-4DF8-8D88-FFDBDF42BE05}"
EndProject
Project("{8BC9CEB8-8B4A-11D0-8D11-00A0C91BC942}") = "Project1", "Project1\Project1.vcxproj", "{79757E8F-3BC8-495B-A58D-DD2E967B797A}"
EndProject
Project("{8BC9CEB8-8B4A-11D0-8D11-00A0C91BC942}") = "LoopDoWhileAplication", "LoopDoWhileAplication\LoopDoWhileAplication.vcxproj", "{EBBEF09D-0DAC-4F26-B425-069D218581E6}"
EndProject
Project("{8BC9CEB8-8B4A-11D0-8D11-00A0C91BC942}") = "IDK", "IDK\IDK.vcxproj", "{34EE2712-697C-41DB-BA4F-86BD43FED80B}"
EndProject
Project("{2150E333-8FDC-42A3-9474-1A3956D46DE8}") = "03.kolekcja", "03.kolekcja", "{7E26D93D-77D4-4B36-AED9-018E44FC5BA9}"
EndProject
Project("{8BC9CEB8-8B4A-11D0-8D11-00A0C91BC942}") = "CharactersConsoleApplication", "CharactersConsoleApplication\CharactersConsoleApplication.vcxproj", "{FEE0E82B-6CC0-40F7-93A7-D3A41DBBFE12}"
EndProject
Project("{8BC9CEB8-8B4A-11D0-8D11-00A0C91BC942}") = "ArrayyConsoleApplication", "ArrayyConsoleApplication\ArrayyConsoleApplication.vcxproj", "{D5B03F03-B1EA-4BA1-973A-FFF3FF8ACE8A}"
EndProject
Project("{2150E333-8FDC-42A3-9474-1A3956D46DE8}") = "06.Struktury", "06.Struktury", "{CDB5DDAD-1A24-4817-85DE-211A40422221}"
EndProject
Project("{8BC9CEB8-8B4A-11D0-8D11-00A0C91BC942}") = "FirstStructureComsoleApplication", "FirstStructureComsoleApplication\FirstStructureComsoleApplication.vcxproj", "{094ABBFE-573E-4D8B-8EB5-A0B1ED2B51A1}"
EndProject
Project("{2150E333-8FDC-42A3-9474-1A3956D46DE8}") = "ProgramowanieStruktualne", "ProgramowanieStruktualne", "{53C352A7-7339-4B35-907C-8EC90764ADF9}"
EndProject
Project("{2150E333-8FDC-42A3-9474-1A3956D46DE8}") = "ProgramowanieObiektowne", "ProgramowanieObiektowne", "{48899C7C-1918-405A-A6C5-21B09E13ADDA}"
EndProject
Project("{2150E333-8FDC-42A3-9474-1A3956D46DE8}") = "01.Podstawy", "01.Podstawy", "{B1CB9AC1-C700-45BC-994A-E6A031FA142E}"
EndProject
Project("{8BC9CEB8-8B4A-11D0-8D11-00A0C91BC942}") = "FirstObjectConsoleApplication", "FirstObjectConsoleApplication\FirstObjectConsoleApplication.vcxproj", "{9315F8E2-4A07-419D-88A4-0390000266BA}"
EndProject
Project("{2150E333-8FDC-42A3-9474-1A3956D46DE8}") = "NewFolder1", "NewFolder1", "{02EA681E-C7D8-13C7-8484-4AC65E1B71E8}"
EndProject
Project("{2150E333-8FDC-42A3-9474-1A3956D46DE8}") = "NewFolder1", "NewFolder1", "{2AD85209-3860-44B5-8691-0D64987DAE16}"
EndProject
Project("{2150E333-8FDC-42A3-9474-1A3956D46DE8}") = "C++", "C++", "{47114ED4-58CB-489F-A0AA-E5756475200E}"
EndProject
Project("{2150E333-8FDC-42A3-9474-1A3956D46DE8}") = "C#", "C#", "{55B16012-1D0F-4A1B-AE49-4C6552C98E2A}"
EndProject
Project("{FAE04EC0-301F-11D3-BF4B-00C04F79EFBC}") = "FirstConsoleApp", "FirstConsoleApp\FirstConsoleApp.csproj", "{BF4023B4-BF84-4848-8C98-9BFC37106B8A}"
EndProject
Global
	GlobalSection(SolutionConfigurationPlatforms) = preSolution
		Debug|Any CPU = Debug|Any CPU
		Debug|x64 = Debug|x64
		Debug|x86 = Debug|x86
		Release|Any CPU = Release|Any CPU
		Release|x64 = Release|x64
		Release|x86 = Release|x86
	EndGlobalSection
	GlobalSection(ProjectConfigurationPlatforms) = postSolution
		{E8B09EA1-AD92-450A-8C4E-B2EE097830E2}.Debug|Any CPU.ActiveCfg = Debug|x64
		{E8B09EA1-AD92-450A-8C4E-B2EE097830E2}.Debug|Any CPU.Build.0 = Debug|x64
		{E8B09EA1-AD92-450A-8C4E-B2EE097830E2}.Debug|x64.ActiveCfg = Debug|x64
		{E8B09EA1-AD92-450A-8C4E-B2EE097830E2}.Debug|x64.Build.0 = Debug|x64
		{E8B09EA1-AD92-450A-8C4E-B2EE097830E2}.Debug|x86.ActiveCfg = Debug|Win32
		{E8B09EA1-AD92-450A-8C4E-B2EE097830E2}.Debug|x86.Build.0 = Debug|Win32
		{E8B09EA1-AD92-450A-8C4E-B2EE097830E2}.Release|Any CPU.ActiveCfg = Release|x64
		{E8B09EA1-AD92-450A-8C4E-B2EE097830E2}.Release|Any CPU.Build.0 = Release|x64
		{E8B09EA1-AD92-450A-8C4E-B2EE097830E2}.Release|x64.ActiveCfg = Release|x64
		{E8B09EA1-AD92-450A-8C4E-B2EE097830E2}.Release|x64.Build.0 = Release|x64
		{E8B09EA1-AD92-450A-8C4E-B2EE097830E2}.Release|x86.ActiveCfg = Release|Win32
		{E8B09EA1-AD92-450A-8C4E-B2EE097830E2}.Release|x86.Build.0 = Release|Win32
		{B43FA66E-0F73-438E-BEFB-0681E416C6BA}.Debug|Any CPU.ActiveCfg = Debug|x64
		{B43FA66E-0F73-438E-BEFB-0681E416C6BA}.Debug|Any CPU.Build.0 = Debug|x64
		{B43FA66E-0F73-438E-BEFB-0681E416C6BA}.Debug|x64.ActiveCfg = Debug|x64
		{B43FA66E-0F73-438E-BEFB-0681E416C6BA}.Debug|x64.Build.0 = Debug|x64
		{B43FA66E-0F73-438E-BEFB-0681E416C6BA}.Debug|x86.ActiveCfg = Debug|Win32
		{B43FA66E-0F73-438E-BEFB-0681E416C6BA}.Debug|x86.Build.0 = Debug|Win32
		{B43FA66E-0F73-438E-BEFB-0681E416C6BA}.Release|Any CPU.ActiveCfg = Release|x64
		{B43FA66E-0F73-438E-BEFB-0681E416C6BA}.Release|Any CPU.Build.0 = Release|x64
		{B43FA66E-0F73-438E-BEFB-0681E416C6BA}.Release|x64.ActiveCfg = Release|x64
		{B43FA66E-0F73-438E-BEFB-0681E416C6BA}.Release|x64.Build.0 = Release|x64
		{B43FA66E-0F73-438E-BEFB-0681E416C6BA}.Release|x86.ActiveCfg = Release|Win32
		{B43FA66E-0F73-438E-BEFB-0681E416C6BA}.Release|x86.Build.0 = Release|Win32
		{79757E8F-3BC8-495B-A58D-DD2E967B797A}.Debug|Any CPU.ActiveCfg = Debug|x64
		{79757E8F-3BC8-495B-A58D-DD2E967B797A}.Debug|Any CPU.Build.0 = Debug|x64
		{79757E8F-3BC8-495B-A58D-DD2E967B797A}.Debug|x64.ActiveCfg = Debug|x64
		{79757E8F-3BC8-495B-A58D-DD2E967B797A}.Debug|x64.Build.0 = Debug|x64
		{79757E8F-3BC8-495B-A58D-DD2E967B797A}.Debug|x86.ActiveCfg = Debug|Win32
		{79757E8F-3BC8-495B-A58D-DD2E967B797A}.Debug|x86.Build.0 = Debug|Win32
		{79757E8F-3BC8-495B-A58D-DD2E967B797A}.Release|Any CPU.ActiveCfg = Release|x64
		{79757E8F-3BC8-495B-A58D-DD2E967B797A}.Release|Any CPU.Build.0 = Release|x64
		{79757E8F-3BC8-495B-A58D-DD2E967B797A}.Release|x64.ActiveCfg = Release|x64
		{79757E8F-3BC8-495B-A58D-DD2E967B797A}.Release|x64.Build.0 = Release|x64
		{79757E8F-3BC8-495B-A58D-DD2E967B797A}.Release|x86.ActiveCfg = Release|Win32
		{79757E8F-3BC8-495B-A58D-DD2E967B797A}.Release|x86.Build.0 = Release|Win32
		{EBBEF09D-0DAC-4F26-B425-069D218581E6}.Debug|Any CPU.ActiveCfg = Debug|x64
		{EBBEF09D-0DAC-4F26-B425-069D218581E6}.Debug|Any CPU.Build.0 = Debug|x64
		{EBBEF09D-0DAC-4F26-B425-069D218581E6}.Debug|x64.ActiveCfg = Debug|x64
		{EBBEF09D-0DAC-4F26-B425-069D218581E6}.Debug|x64.Build.0 = Debug|x64
		{EBBEF09D-0DAC-4F26-B425-069D218581E6}.Debug|x86.ActiveCfg = Debug|Win32
		{EBBEF09D-0DAC-4F26-B425-069D218581E6}.Debug|x86.Build.0 = Debug|Win32
		{EBBEF09D-0DAC-4F26-B425-069D218581E6}.Release|Any CPU.ActiveCfg = Release|x64
		{EBBEF09D-0DAC-4F26-B425-069D218581E6}.Release|Any CPU.Build.0 = Release|x64
		{EBBEF09D-0DAC-4F26-B425-069D218581E6}.Release|x64.ActiveCfg = Release|x64
		{EBBEF09D-0DAC-4F26-B425-069D218581E6}.Release|x64.Build.0 = Release|x64
		{EBBEF09D-0DAC-4F26-B425-069D218581E6}.Release|x86.ActiveCfg = Release|Win32
		{EBBEF09D-0DAC-4F26-B425-069D218581E6}.Release|x86.Build.0 = Release|Win32
		{34EE2712-697C-41DB-BA4F-86BD43FED80B}.Debug|Any CPU.ActiveCfg = Debug|x64
		{34EE2712-697C-41DB-BA4F-86BD43FED80B}.Debug|Any CPU.Build.0 = Debug|x64
		{34EE2712-697C-41DB-BA4F-86BD43FED80B}.Debug|x64.ActiveCfg = Debug|x64
		{34EE2712-697C-41DB-BA4F-86BD43FED80B}.Debug|x64.Build.0 = Debug|x64
		{34EE2712-697C-41DB-BA4F-86BD43FED80B}.Debug|x86.ActiveCfg = Debug|Win32
		{34EE2712-697C-41DB-BA4F-86BD43FED80B}.Debug|x86.Build.0 = Debug|Win32
		{34EE2712-697C-41DB-BA4F-86BD43FED80B}.Release|Any CPU.ActiveCfg = Release|x64
		{34EE2712-697C-41DB-BA4F-86BD43FED80B}.Release|Any CPU.Build.0 = Release|x64
		{34EE2712-697C-41DB-BA4F-86BD43FED80B}.Release|x64.ActiveCfg = Release|x64
		{34EE2712-697C-41DB-BA4F-86BD43FED80B}.Release|x64.Build.0 = Release|x64
		{34EE2712-697C-41DB-BA4F-86BD43FED80B}.Release|x86.ActiveCfg = Release|Win32
		{34EE2712-697C-41DB-BA4F-86BD43FED80B}.Release|x86.Build.0 = Release|Win32
		{FEE0E82B-6CC0-40F7-93A7-D3A41DBBFE12}.Debug|Any CPU.ActiveCfg = Debug|x64
		{FEE0E82B-6CC0-40F7-93A7-D3A41DBBFE12}.Debug|Any CPU.Build.0 = Debug|x64
		{FEE0E82B-6CC0-40F7-93A7-D3A41DBBFE12}.Debug|x64.ActiveCfg = Debug|x64
		{FEE0E82B-6CC0-40F7-93A7-D3A41DBBFE12}.Debug|x64.Build.0 = Debug|x64
		{FEE0E82B-6CC0-40F7-93A7-D3A41DBBFE12}.Debug|x86.ActiveCfg = Debug|Win32
		{FEE0E82B-6CC0-40F7-93A7-D3A41DBBFE12}.Debug|x86.Build.0 = Debug|Win32
		{FEE0E82B-6CC0-40F7-93A7-D3A41DBBFE12}.Release|Any CPU.ActiveCfg = Release|x64
		{FEE0E82B-6CC0-40F7-93A7-D3A41DBBFE12}.Release|Any CPU.Build.0 = Release|x64
		{FEE0E82B-6CC0-40F7-93A7-D3A41DBBFE12}.Release|x64.ActiveCfg = Release|x64
		{FEE0E82B-6CC0-40F7-93A7-D3A41DBBFE12}.Release|x64.Build.0 = Release|x64
		{FEE0E82B-6CC0-40F7-93A7-D3A41DBBFE12}.Release|x86.ActiveCfg = Release|Win32
		{FEE0E82B-6CC0-40F7-93A7-D3A41DBBFE12}.Release|x86.Build.0 = Release|Win32
		{D5B03F03-B1EA-4BA1-973A-FFF3FF8ACE8A}.Debug|Any CPU.ActiveCfg = Debug|x64
		{D5B03F03-B1EA-4BA1-973A-FFF3FF8ACE8A}.Debug|Any CPU.Build.0 = Debug|x64
		{D5B03F03-B1EA-4BA1-973A-FFF3FF8ACE8A}.Debug|x64.ActiveCfg = Debug|x64
		{D5B03F03-B1EA-4BA1-973A-FFF3FF8ACE8A}.Debug|x64.Build.0 = Debug|x64
		{D5B03F03-B1EA-4BA1-973A-FFF3FF8ACE8A}.Debug|x86.ActiveCfg = Debug|Win32
		{D5B03F03-B1EA-4BA1-973A-FFF3FF8ACE8A}.Debug|x86.Build.0 = Debug|Win32
		{D5B03F03-B1EA-4BA1-973A-FFF3FF8ACE8A}.Release|Any CPU.ActiveCfg = Release|x64
		{D5B03F03-B1EA-4BA1-973A-FFF3FF8ACE8A}.Release|Any CPU.Build.0 = Release|x64
		{D5B03F03-B1EA-4BA1-973A-FFF3FF8ACE8A}.Release|x64.ActiveCfg = Release|x64
		{D5B03F03-B1EA-4BA1-973A-FFF3FF8ACE8A}.Release|x64.Build.0 = Release|x64
		{D5B03F03-B1EA-4BA1-973A-FFF3FF8ACE8A}.Release|x86.ActiveCfg = Release|Win32
		{D5B03F03-B1EA-4BA1-973A-FFF3FF8ACE8A}.Release|x86.Build.0 = Release|Win32
		{094ABBFE-573E-4D8B-8EB5-A0B1ED2B51A1}.Debug|Any CPU.ActiveCfg = Debug|x64
		{094ABBFE-573E-4D8B-8EB5-A0B1ED2B51A1}.Debug|Any CPU.Build.0 = Debug|x64
		{094ABBFE-573E-4D8B-8EB5-A0B1ED2B51A1}.Debug|x64.ActiveCfg = Debug|x64
		{094ABBFE-573E-4D8B-8EB5-A0B1ED2B51A1}.Debug|x64.Build.0 = Debug|x64
		{094ABBFE-573E-4D8B-8EB5-A0B1ED2B51A1}.Debug|x86.ActiveCfg = Debug|Win32
		{094ABBFE-573E-4D8B-8EB5-A0B1ED2B51A1}.Debug|x86.Build.0 = Debug|Win32
		{094ABBFE-573E-4D8B-8EB5-A0B1ED2B51A1}.Release|Any CPU.ActiveCfg = Release|x64
		{094ABBFE-573E-4D8B-8EB5-A0B1ED2B51A1}.Release|Any CPU.Build.0 = Release|x64
		{094ABBFE-573E-4D8B-8EB5-A0B1ED2B51A1}.Release|x64.ActiveCfg = Release|x64
		{094ABBFE-573E-4D8B-8EB5-A0B1ED2B51A1}.Release|x64.Build.0 = Release|x64
		{094ABBFE-573E-4D8B-8EB5-A0B1ED2B51A1}.Release|x86.ActiveCfg = Release|Win32
		{094ABBFE-573E-4D8B-8EB5-A0B1ED2B51A1}.Release|x86.Build.0 = Release|Win32
		{9315F8E2-4A07-419D-88A4-0390000266BA}.Debug|Any CPU.ActiveCfg = Debug|x64
		{9315F8E2-4A07-419D-88A4-0390000266BA}.Debug|Any CPU.Build.0 = Debug|x64
		{9315F8E2-4A07-419D-88A4-0390000266BA}.Debug|x64.ActiveCfg = Debug|x64
		{9315F8E2-4A07-419D-88A4-0390000266BA}.Debug|x64.Build.0 = Debug|x64
		{9315F8E2-4A07-419D-88A4-0390000266BA}.Debug|x86.ActiveCfg = Debug|Win32
		{9315F8E2-4A07-419D-88A4-0390000266BA}.Debug|x86.Build.0 = Debug|Win32
		{9315F8E2-4A07-419D-88A4-0390000266BA}.Release|Any CPU.ActiveCfg = Release|x64
		{9315F8E2-4A07-419D-88A4-0390000266BA}.Release|Any CPU.Build.0 = Release|x64
		{9315F8E2-4A07-419D-88A4-0390000266BA}.Release|x64.ActiveCfg = Release|x64
		{9315F8E2-4A07-419D-88A4-0390000266BA}.Release|x64.Build.0 = Release|x64
		{9315F8E2-4A07-419D-88A4-0390000266BA}.Release|x86.ActiveCfg = Release|Win32
		{9315F8E2-4A07-419D-88A4-0390000266BA}.Release|x86.Build.0 = Release|Win32
		{BF4023B4-BF84-4848-8C98-9BFC37106B8A}.Debug|Any CPU.ActiveCfg = Debug|Any CPU
		{BF4023B4-BF84-4848-8C98-9BFC37106B8A}.Debug|Any CPU.Build.0 = Debug|Any CPU
		{BF4023B4-BF84-4848-8C98-9BFC37106B8A}.Debug|x64.ActiveCfg = Debug|Any CPU
		{BF4023B4-BF84-4848-8C98-9BFC37106B8A}.Debug|x64.Build.0 = Debug|Any CPU
		{BF4023B4-BF84-4848-8C98-9BFC37106B8A}.Debug|x86.ActiveCfg = Debug|Any CPU
		{BF4023B4-BF84-4848-8C98-9BFC37106B8A}.Debug|x86.Build.0 = Debug|Any CPU
		{BF4023B4-BF84-4848-8C98-9BFC37106B8A}.Release|Any CPU.ActiveCfg = Release|Any CPU
		{BF4023B4-BF84-4848-8C98-9BFC37106B8A}.Release|Any CPU.Build.0 = Release|Any CPU
		{BF4023B4-BF84-4848-8C98-9BFC37106B8A}.Release|x64.ActiveCfg = Release|Any CPU
		{BF4023B4-BF84-4848-8C98-9BFC37106B8A}.Release|x64.Build.0 = Release|Any CPU
		{BF4023B4-BF84-4848-8C98-9BFC37106B8A}.Release|x86.ActiveCfg = Release|Any CPU
		{BF4023B4-BF84-4848-8C98-9BFC37106B8A}.Release|x86.Build.0 = Release|Any CPU
	EndGlobalSection
	GlobalSection(SolutionProperties) = preSolution
		HideSolutionNode = FALSE
	EndGlobalSection
	GlobalSection(NestedProjects) = preSolution
		{E8B09EA1-AD92-450A-8C4E-B2EE097830E2} = {6CDC4E82-ECAE-4DF8-8D88-FFDBDF42BE05}
		{B43FA66E-0F73-438E-BEFB-0681E416C6BA} = {6CDC4E82-ECAE-4DF8-8D88-FFDBDF42BE05}
		{6CDC4E82-ECAE-4DF8-8D88-FFDBDF42BE05} = {53C352A7-7339-4B35-907C-8EC90764ADF9}
		{79757E8F-3BC8-495B-A58D-DD2E967B797A} = {6CDC4E82-ECAE-4DF8-8D88-FFDBDF42BE05}
		{EBBEF09D-0DAC-4F26-B425-069D218581E6} = {6CDC4E82-ECAE-4DF8-8D88-FFDBDF42BE05}
		{34EE2712-697C-41DB-BA4F-86BD43FED80B} = {6CDC4E82-ECAE-4DF8-8D88-FFDBDF42BE05}
		{7E26D93D-77D4-4B36-AED9-018E44FC5BA9} = {53C352A7-7339-4B35-907C-8EC90764ADF9}
		{FEE0E82B-6CC0-40F7-93A7-D3A41DBBFE12} = {7E26D93D-77D4-4B36-AED9-018E44FC5BA9}
		{D5B03F03-B1EA-4BA1-973A-FFF3FF8ACE8A} = {7E26D93D-77D4-4B36-AED9-018E44FC5BA9}
		{CDB5DDAD-1A24-4817-85DE-211A40422221} = {53C352A7-7339-4B35-907C-8EC90764ADF9}
		{094ABBFE-573E-4D8B-8EB5-A0B1ED2B51A1} = {CDB5DDAD-1A24-4817-85DE-211A40422221}
		{53C352A7-7339-4B35-907C-8EC90764ADF9} = {47114ED4-58CB-489F-A0AA-E5756475200E}
		{48899C7C-1918-405A-A6C5-21B09E13ADDA} = {47114ED4-58CB-489F-A0AA-E5756475200E}
		{B1CB9AC1-C700-45BC-994A-E6A031FA142E} = {48899C7C-1918-405A-A6C5-21B09E13ADDA}
		{9315F8E2-4A07-419D-88A4-0390000266BA} = {B1CB9AC1-C700-45BC-994A-E6A031FA142E}
		{02EA681E-C7D8-13C7-8484-4AC65E1B71E8} = {53C352A7-7339-4B35-907C-8EC90764ADF9}
		{2AD85209-3860-44B5-8691-0D64987DAE16} = {53C352A7-7339-4B35-907C-8EC90764ADF9}
		{BF4023B4-BF84-4848-8C98-9BFC37106B8A} = {55B16012-1D0F-4A1B-AE49-4C6552C98E2A}
	EndGlobalSection
	GlobalSection(ExtensibilityGlobals) = postSolution
		SolutionGuid = {4ECE582A-37B3-4581-86BA-B598C81C3972}
	EndGlobalSection
EndGlobal
